
Microsoft Visual Studio Solution File, Format Version 12.00
# Visual Studio Version 17
VisualStudioVersion = 17.4.33110.190
MinimumVisualStudioVersion = 10.0.40219.1
Project("{FAE04EC0-301F-11D3-BF4B-00C04F79EFBC}") = "PixelimageGeneration", "PixelimageGeneration.csproj", "{274D6533-D962-454C-B94B-23D3D196966B}"
EndProject
Project("{9A19103F-16F7-4668-BE54-9A1E7A4F7556}") = "GRL.Utils", "..\..\c2v-blazer-app\C2V_UI_Blazor\GRL.Utils\GRL.Utils.csproj", "{59D7327E-49A5-4229-9D3D-0DB3C4B8E966}"
EndProject
Global
	GlobalSection(SolutionConfigurationPlatforms) = preSolution
		Debug|Any CPU = Debug|Any CPU
		Release|Any CPU = Release|Any CPU
	EndGlobalSection
	GlobalSection(ProjectConfigurationPlatforms) = postSolution
		{274D6533-D962-454C-B94B-23D3D196966B}.Debug|Any CPU.ActiveCfg = Debug|Any CPU
		{274D6533-D962-454C-B94B-23D3D196966B}.Debug|Any CPU.Build.0 = Debug|Any CPU
		{274D6533-D962-454C-B94B-23D3D196966B}.Release|Any CPU.ActiveCfg = Release|Any CPU
		{274D6533-D962-454C-B94B-23D3D196966B}.Release|Any CPU.Build.0 = Release|Any CPU
		{59D7327E-49A5-4229-9D3D-0DB3C4B8E966}.Debug|Any CPU.ActiveCfg = Debug|Any CPU
		{59D7327E-49A5-4229-9D3D-0DB3C4B8E966}.Debug|Any CPU.Build.0 = Debug|Any CPU
		{59D7327E-49A5-4229-9D3D-0DB3C4B8E966}.Release|Any CPU.ActiveCfg = Release|Any CPU
		{59D7327E-49A5-4229-9D3D-0DB3C4B8E966}.Release|Any CPU.Build.0 = Release|Any CPU
	EndGlobalSection
	GlobalSection(SolutionProperties) = preSolution
		HideSolutionNode = FALSE
	EndGlobalSection
	GlobalSection(ExtensibilityGlobals) = postSolution
		SolutionGuid = {F2B4BC2C-2327-427F-B1BC-9ADC8D68D615}
	EndGlobalSection
EndGlobal
